
Microsoft Visual Studio Solution File, Format Version 12.00
# Visual Studio 15
VisualStudioVersion = 15.0.28010.2036
MinimumVisualStudioVersion = 10.0.40219.1
Project("{FAE04EC0-301F-11D3-BF4B-00C04F79EFBC}") = "DTO", "DTO\DTO.csproj", "{48B6815B-5082-47BB-B3AB-1108975B544E}"
EndProject
Project("{FAE04EC0-301F-11D3-BF4B-00C04F79EFBC}") = "BLL", "BLL\BLL.csproj", "{6759326D-24ED-47BB-8BC8-8B8018560093}"
EndProject
Project("{FAE04EC0-301F-11D3-BF4B-00C04F79EFBC}") = "DAL", "DAL\DAL.csproj", "{F888277E-319B-4747-8DE5-EC278B75F41B}"
EndProject
Project("{FAE04EC0-301F-11D3-BF4B-00C04F79EFBC}") = "MVC", "MVC\MVC.csproj", "{A93916EF-C8BA-46A8-8839-D72F175A5C90}"
EndProject
Global
	GlobalSection(SolutionConfigurationPlatforms) = preSolution
		Debug|Any CPU = Debug|Any CPU
		Release|Any CPU = Release|Any CPU
	EndGlobalSection
	GlobalSection(ProjectConfigurationPlatforms) = postSolution
		{48B6815B-5082-47BB-B3AB-1108975B544E}.Debug|Any CPU.ActiveCfg = Debug|Any CPU
		{48B6815B-5082-47BB-B3AB-1108975B544E}.Debug|Any CPU.Build.0 = Debug|Any CPU
		{48B6815B-5082-47BB-B3AB-1108975B544E}.Release|Any CPU.ActiveCfg = Release|Any CPU
		{48B6815B-5082-47BB-B3AB-1108975B544E}.Release|Any CPU.Build.0 = Release|Any CPU
		{6759326D-24ED-47BB-8BC8-8B8018560093}.Debug|Any CPU.ActiveCfg = Debug|Any CPU
		{6759326D-24ED-47BB-8BC8-8B8018560093}.Debug|Any CPU.Build.0 = Debug|Any CPU
		{6759326D-24ED-47BB-8BC8-8B8018560093}.Release|Any CPU.ActiveCfg = Release|Any CPU
		{6759326D-24ED-47BB-8BC8-8B8018560093}.Release|Any CPU.Build.0 = Release|Any CPU
		{F888277E-319B-4747-8DE5-EC278B75F41B}.Debug|Any CPU.ActiveCfg = Debug|Any CPU
		{F888277E-319B-4747-8DE5-EC278B75F41B}.Debug|Any CPU.Build.0 = Debug|Any CPU
		{F888277E-319B-4747-8DE5-EC278B75F41B}.Release|Any CPU.ActiveCfg = Release|Any CPU
		{F888277E-319B-4747-8DE5-EC278B75F41B}.Release|Any CPU.Build.0 = Release|Any CPU
		{A93916EF-C8BA-46A8-8839-D72F175A5C90}.Debug|Any CPU.ActiveCfg = Debug|Any CPU
		{A93916EF-C8BA-46A8-8839-D72F175A5C90}.Debug|Any CPU.Build.0 = Debug|Any CPU
		{A93916EF-C8BA-46A8-8839-D72F175A5C90}.Release|Any CPU.ActiveCfg = Release|Any CPU
		{A93916EF-C8BA-46A8-8839-D72F175A5C90}.Release|Any CPU.Build.0 = Release|Any CPU
	EndGlobalSection
	GlobalSection(SolutionProperties) = preSolution
		HideSolutionNode = FALSE
	EndGlobalSection
	GlobalSection(ExtensibilityGlobals) = postSolution
		SolutionGuid = {8730850C-B648-4600-A82A-85436EB70F45}
	EndGlobalSection
EndGlobal
